// !$*UTF8*$!
{
	archiveVersion = 1;
	classes = {
	};
	objectVersion = 50;
	objects = {

/* Begin PBXBuildFile section */
		551A4F7B20C06CCA00F6064F /* AppDelegate.swift in Sources */ = {isa = PBXBuildFile; fileRef = 551A4F7A20C06CCA00F6064F /* AppDelegate.swift */; };
		551A4F7D20C06CCA00F6064F /* ViewController.swift in Sources */ = {isa = PBXBuildFile; fileRef = 551A4F7C20C06CCA00F6064F /* ViewController.swift */; };
		551A4F8020C06CCA00F6064F /* Main.storyboard in Resources */ = {isa = PBXBuildFile; fileRef = 551A4F7E20C06CCA00F6064F /* Main.storyboard */; };
		551A4F8220C06CCD00F6064F /* Assets.xcassets in Resources */ = {isa = PBXBuildFile; fileRef = 551A4F8120C06CCD00F6064F /* Assets.xcassets */; };
		551A4F8520C06CCD00F6064F /* LaunchScreen.storyboard in Resources */ = {isa = PBXBuildFile; fileRef = 551A4F8320C06CCD00F6064F /* LaunchScreen.storyboard */; };
		551A4F8D20C0729000F6064F /* SearchBar.swift in Sources */ = {isa = PBXBuildFile; fileRef = 551A4F8C20C0729000F6064F /* SearchBar.swift */; };
		C8BD0279DEE2305912C3C967 /* Pods_CustomSearchBarSwift.framework in Frameworks */ = {isa = PBXBuildFile; fileRef = 9D261942E3D0CDAF70A22B83 /* Pods_CustomSearchBarSwift.framework */; };
/* End PBXBuildFile section */

/* Begin PBXFileReference section */
		551A4F7720C06CCA00F6064F /* CustomSearchBarSwift.app */ = {isa = PBXFileReference; explicitFileType = wrapper.application; includeInIndex = 0; path = CustomSearchBarSwift.app; sourceTree = BUILT_PRODUCTS_DIR; };
		551A4F7A20C06CCA00F6064F /* AppDelegate.swift */ = {isa = PBXFileReference; lastKnownFileType = sourcecode.swift; path = AppDelegate.swift; sourceTree = "<group>"; };
		551A4F7C20C06CCA00F6064F /* ViewController.swift */ = {isa = PBXFileReference; lastKnownFileType = sourcecode.swift; path = ViewController.swift; sourceTree = "<group>"; };
		551A4F7F20C06CCA00F6064F /* Base */ = {isa = PBXFileReference; lastKnownFileType = file.storyboard; name = Base; path = Base.lproj/Main.storyboard; sourceTree = "<group>"; };
		551A4F8120C06CCD00F6064F /* Assets.xcassets */ = {isa = PBXFileReference; lastKnownFileType = folder.assetcatalog; path = Assets.xcassets; sourceTree = "<group>"; };
		551A4F8420C06CCD00F6064F /* Base */ = {isa = PBXFileReference; lastKnownFileType = file.storyboard; name = Base; path = Base.lproj/LaunchScreen.storyboard; sourceTree = "<group>"; };
		551A4F8620C06CCD00F6064F /* Info.plist */ = {isa = PBXFileReference; lastKnownFileType = text.plist.xml; path = Info.plist; sourceTree = "<group>"; };
		551A4F8C20C0729000F6064F /* SearchBar.swift */ = {isa = PBXFileReference; lastKnownFileType = sourcecode.swift; path = SearchBar.swift; sourceTree = "<group>"; };
		86C7D3093B0AB890270675D6 /* Pods-CustomSearchBarSwift.debug.xcconfig */ = {isa = PBXFileReference; includeInIndex = 1; lastKnownFileType = text.xcconfig; name = "Pods-CustomSearchBarSwift.debug.xcconfig"; path = "Pods/Target Support Files/Pods-CustomSearchBarSwift/Pods-CustomSearchBarSwift.debug.xcconfig"; sourceTree = "<group>"; };
		8755F20C27D65C2DA72CD108 /* Pods-CustomSearchBarSwift.release.xcconfig */ = {isa = PBXFileReference; includeInIndex = 1; lastKnownFileType = text.xcconfig; name = "Pods-CustomSearchBarSwift.release.xcconfig"; path = "Pods/Target Support Files/Pods-CustomSearchBarSwift/Pods-CustomSearchBarSwift.release.xcconfig"; sourceTree = "<group>"; };
		9D261942E3D0CDAF70A22B83 /* Pods_CustomSearchBarSwift.framework */ = {isa = PBXFileReference; explicitFileType = wrapper.framework; includeInIndex = 0; path = Pods_CustomSearchBarSwift.framework; sourceTree = BUILT_PRODUCTS_DIR; };
/* End PBXFileReference section */

/* Begin PBXFrameworksBuildPhase section */
		551A4F7420C06CCA00F6064F /* Frameworks */ = {
			isa = PBXFrameworksBuildPhase;
			buildActionMask = 2147483647;
			files = (
				C8BD0279DEE2305912C3C967 /* Pods_CustomSearchBarSwift.framework in Frameworks */,
			);
			runOnlyForDeploymentPostprocessing = 0;
		};
/* End PBXFrameworksBuildPhase section */

/* Begin PBXGroup section */
		3D0A2C083FFEA3E1A672E603 /* Frameworks */ = {
			isa = PBXGroup;
			children = (
				9D261942E3D0CDAF70A22B83 /* Pods_CustomSearchBarSwift.framework */,
			);
			name = Frameworks;
			sourceTree = "<group>";
		};
		551A4F6E20C06CCA00F6064F = {
			isa = PBXGroup;
			children = (
				551A4F7920C06CCA00F6064F /* CustomSearchBarSwift */,
				551A4F7820C06CCA00F6064F /* Products */,
				8267AC63077E2BF48051D6B6 /* Pods */,
				3D0A2C083FFEA3E1A672E603 /* Frameworks */,
			);
			sourceTree = "<group>";
		};
		551A4F7820C06CCA00F6064F /* Products */ = {
			isa = PBXGroup;
			children = (
				551A4F7720C06CCA00F6064F /* CustomSearchBarSwift.app */,
			);
			name = Products;
			sourceTree = "<group>";
		};
		551A4F7920C06CCA00F6064F /* CustomSearchBarSwift */ = {
			isa = PBXGroup;
			children = (
				551A4F7A20C06CCA00F6064F /* AppDelegate.swift */,
				551A4F7C20C06CCA00F6064F /* ViewController.swift */,
				551A4F7E20C06CCA00F6064F /* Main.storyboard */,
				551A4F8120C06CCD00F6064F /* Assets.xcassets */,
				551A4F8320C06CCD00F6064F /* LaunchScreen.storyboard */,
				551A4F8620C06CCD00F6064F /* Info.plist */,
				551A4F8C20C0729000F6064F /* SearchBar.swift */,
			);
			path = CustomSearchBarSwift;
			sourceTree = "<group>";
		};
		8267AC63077E2BF48051D6B6 /* Pods */ = {
			isa = PBXGroup;
			children = (
				86C7D3093B0AB890270675D6 /* Pods-CustomSearchBarSwift.debug.xcconfig */,
				8755F20C27D65C2DA72CD108 /* Pods-CustomSearchBarSwift.release.xcconfig */,
			);
			name = Pods;
			sourceTree = "<group>";
		};
/* End PBXGroup section */

/* Begin PBXNativeTarget section */
		551A4F7620C06CCA00F6064F /* CustomSearchBarSwift */ = {
			isa = PBXNativeTarget;
			buildConfigurationList = 551A4F8920C06CCD00F6064F /* Build configuration list for PBXNativeTarget "CustomSearchBarSwift" */;
			buildPhases = (
				2FA3CE7234DFF28AE6F958BA /* [CP] Check Pods Manifest.lock */,
				551A4F7320C06CCA00F6064F /* Sources */,
				551A4F7420C06CCA00F6064F /* Frameworks */,
				551A4F7520C06CCA00F6064F /* Resources */,
				AA2905B7398C138A2249D0C5 /* [CP] Embed Pods Frameworks */,
			);
			buildRules = (
			);
			dependencies = (
			);
			name = CustomSearchBarSwift;
			productName = CustomSearchBarSwift;
			productReference = 551A4F7720C06CCA00F6064F /* CustomSearchBarSwift.app */;
			productType = "com.apple.product-type.application";
		};
/* End PBXNativeTarget section */

/* Begin PBXProject section */
		551A4F6F20C06CCA00F6064F /* Project object */ = {
			isa = PBXProject;
			attributes = {
				LastSwiftUpdateCheck = 0930;
				LastUpgradeCheck = 0930;
				ORGANIZATIONNAME = "Ivyvine Apps";
				TargetAttributes = {
					551A4F7620C06CCA00F6064F = {
						CreatedOnToolsVersion = 9.3.1;
					};
				};
			};
			buildConfigurationList = 551A4F7220C06CCA00F6064F /* Build configuration list for PBXProject "CustomSearchBarSwift" */;
			compatibilityVersion = "Xcode 9.3";
			developmentRegion = en;
			hasScannedForEncodings = 0;
			knownRegions = (
				en,
				Base,
			);
			mainGroup = 551A4F6E20C06CCA00F6064F;
			productRefGroup = 551A4F7820C06CCA00F6064F /* Products */;
			projectDirPath = "";
			projectRoot = "";
			targets = (
				551A4F7620C06CCA00F6064F /* CustomSearchBarSwift */,
			);
		};
/* End PBXProject section */

/* Begin PBXResourcesBuildPhase section */
		551A4F7520C06CCA00F6064F /* Resources */ = {
			isa = PBXResourcesBuildPhase;
			buildActionMask = 2147483647;
			files = (
				551A4F8520C06CCD00F6064F /* LaunchScreen.storyboard in Resources */,
				551A4F8220C06CCD00F6064F /* Assets.xcassets in Resources */,
				551A4F8020C06CCA00F6064F /* Main.storyboard in Resources */,
			);
			runOnlyForDeploymentPostprocessing = 0;
		};
/* End PBXResourcesBuildPhase section */

/* Begin PBXShellScriptBuildPhase section */
		2FA3CE7234DFF28AE6F958BA /* [CP] Check Pods Manifest.lock */ = {
			isa = PBXShellScriptBuildPhase;
			buildActionMask = 2147483647;
			files = (
			);
			inputPaths = (
				"${PODS_PODFILE_DIR_PATH}/Podfile.lock",
				"${PODS_ROOT}/Manifest.lock",
			);
			name = "[CP] Check Pods Manifest.lock";
			outputPaths = (
				"$(DERIVED_FILE_DIR)/Pods-CustomSearchBarSwift-checkManifestLockResult.txt",
			);
			runOnlyForDeploymentPostprocessing = 0;
			shellPath = /bin/sh;
			shellScript = "diff \"${PODS_PODFILE_DIR_PATH}/Podfile.lock\" \"${PODS_ROOT}/Manifest.lock\" > /dev/null\nif [ $? != 0 ] ; then\n    # print error to STDERR\n    echo \"error: The sandbox is not in sync with the Podfile.lock. Run 'pod install' or update your CocoaPods installation.\" >&2\n    exit 1\nfi\n# This output is used by Xcode 'outputs' to avoid re-running this script phase.\necho \"SUCCESS\" > \"${SCRIPT_OUTPUT_FILE_0}\"\n";
			showEnvVarsInLog = 0;
		};
		AA2905B7398C138A2249D0C5 /* [CP] Embed Pods Frameworks */ = {
			isa = PBXShellScriptBuildPhase;
			buildActionMask = 2147483647;
			files = (
			);
			inputPaths = (
				"${SRCROOT}/Pods/Target Support Files/Pods-CustomSearchBarSwift/Pods-CustomSearchBarSwift-frameworks.sh",
				"${BUILT_PRODUCTS_DIR}/Cache/Cache.framework",
				"${BUILT_PRODUCTS_DIR}/Hue/Hue.framework",
				"${BUILT_PRODUCTS_DIR}/Imaginary/Imaginary.framework",
				"${BUILT_PRODUCTS_DIR}/Lightbox/Lightbox.framework",
			);
			name = "[CP] Embed Pods Frameworks";
			outputPaths = (
				"${TARGET_BUILD_DIR}/${FRAMEWORKS_FOLDER_PATH}/Cache.framework",
				"${TARGET_BUILD_DIR}/${FRAMEWORKS_FOLDER_PATH}/Hue.framework",
				"${TARGET_BUILD_DIR}/${FRAMEWORKS_FOLDER_PATH}/Imaginary.framework",
				"${TARGET_BUILD_DIR}/${FRAMEWORKS_FOLDER_PATH}/Lightbox.framework",
			);
			runOnlyForDeploymentPostprocessing = 0;
			shellPath = /bin/sh;
			shellScript = "\"${SRCROOT}/Pods/Target Support Files/Pods-CustomSearchBarSwift/Pods-CustomSearchBarSwift-frameworks.sh\"\n";
			showEnvVarsInLog = 0;
		};
/* End PBXShellScriptBuildPhase section */

/* Begin PBXSourcesBuildPhase section */
		551A4F7320C06CCA00F6064F /* Sources */ = {
			isa = PBXSourcesBuildPhase;
			buildActionMask = 2147483647;
			files = (
				551A4F7D20C06CCA00F6064F /* ViewController.swift in Sources */,
				551A4F7B20C06CCA00F6064F /* AppDelegate.swift in Sources */,
				551A4F8D20C0729000F6064F /* SearchBar.swift in Sources */,
			);
			runOnlyForDeploymentPostprocessing = 0;
		};
/* End PBXSourcesBuildPhase section */

/* Begin PBXVariantGroup section */
		551A4F7E20C06CCA00F6064F /* Main.storyboard */ = {
			isa = PBXVariantGroup;
			children = (
				551A4F7F20C06CCA00F6064F /* Base */,
			);
			name = Main.storyboard;
			sourceTree = "<group>";
		};
		551A4F8320C06CCD00F6064F /* LaunchScreen.storyboard */ = {
			isa = PBXVariantGroup;
			children = (
				551A4F8420C06CCD00F6064F /* Base */,
			);
			name = LaunchScreen.storyboard;
			sourceTree = "<group>";
		};
/* End PBXVariantGroup section */

/* Begin XCBuildConfiguration section */
		551A4F8720C06CCD00F6064F /* Debug */ = {
			isa = XCBuildConfiguration;
			buildSettings = {
				ALWAYS_SEARCH_USER_PATHS = NO;
				CLANG_ANALYZER_NONNULL = YES;
				CLANG_ANALYZER_NUMBER_OBJECT_CONVERSION = YES_AGGRESSIVE;
				CLANG_CXX_LANGUAGE_STANDARD = "gnu++14";
				CLANG_CXX_LIBRARY = "libc++";
				CLANG_ENABLE_MODULES = YES;
				CLANG_ENABLE_OBJC_ARC = YES;
				CLANG_ENABLE_OBJC_WEAK = YES;
				CLANG_WARN_BLOCK_CAPTURE_AUTORELEASING = YES;
				CLANG_WARN_BOOL_CONVERSION = YES;
				CLANG_WARN_COMMA = YES;
				CLANG_WARN_CONSTANT_CONVERSION = YES;
				CLANG_WARN_DEPRECATED_OBJC_IMPLEMENTATIONS = YES;
				CLANG_WARN_DIRECT_OBJC_ISA_USAGE = YES_ERROR;
				CLANG_WARN_DOCUMENTATION_COMMENTS = YES;
				CLANG_WARN_EMPTY_BODY = YES;
				CLANG_WARN_ENUM_CONVERSION = YES;
				CLANG_WARN_INFINITE_RECURSION = YES;
				CLANG_WARN_INT_CONVERSION = YES;
				CLANG_WARN_NON_LITERAL_NULL_CONVERSION = YES;
				CLANG_WARN_OBJC_IMPLICIT_RETAIN_SELF = YES;
				CLANG_WARN_OBJC_LITERAL_CONVERSION = YES;
				CLANG_WARN_OBJC_ROOT_CLASS = YES_ERROR;
				CLANG_WARN_RANGE_LOOP_ANALYSIS = YES;
				CLANG_WARN_STRICT_PROTOTYPES = YES;
				CLANG_WARN_SUSPICIOUS_MOVE = YES;
				CLANG_WARN_UNGUARDED_AVAILABILITY = YES_AGGRESSIVE;
				CLANG_WARN_UNREACHABLE_CODE = YES;
				CLANG_WARN__DUPLICATE_METHOD_MATCH = YES;
				CODE_SIGN_IDENTITY = "iPhone Developer";
				COPY_PHASE_STRIP = NO;
				DEBUG_INFORMATION_FORMAT = dwarf;
				ENABLE_STRICT_OBJC_MSGSEND = YES;
				ENABLE_TESTABILITY = YES;
				GCC_C_LANGUAGE_STANDARD = gnu11;
				GCC_DYNAMIC_NO_PIC = NO;
				GCC_NO_COMMON_BLOCKS = YES;
				GCC_OPTIMIZATION_LEVEL = 0;
				GCC_PREPROCESSOR_DEFINITIONS = (
					"DEBUG=1",
					"$(inherited)",
				);
				GCC_WARN_64_TO_32_BIT_CONVERSION = YES;
				GCC_WARN_ABOUT_RETURN_TYPE = YES_ERROR;
				GCC_WARN_UNDECLARED_SELECTOR = YES;
				GCC_WARN_UNINITIALIZED_AUTOS = YES_AGGRESSIVE;
				GCC_WARN_UNUSED_FUNCTION = YES;
				GCC_WARN_UNUSED_VARIABLE = YES;
				IPHONEOS_DEPLOYMENT_TARGET = 11.3;
				MTL_ENABLE_DEBUG_INFO = YES;
				ONLY_ACTIVE_ARCH = YES;
				SDKROOT = iphoneos;
				SWIFT_ACTIVE_COMPILATION_CONDITIONS = DEBUG;
				SWIFT_OPTIMIZATION_LEVEL = "-Onone";
			};
			name = Debug;
		};
		551A4F8820C06CCD00F6064F /* Release */ = {
			isa = XCBuildConfiguration;
			buildSettings = {
				ALWAYS_SEARCH_USER_PATHS = NO;
				CLANG_ANALYZER_NONNULL = YES;
				CLANG_ANALYZER_NUMBER_OBJECT_CONVERSION = YES_AGGRESSIVE;
				CLANG_CXX_LANGUAGE_STANDARD = "gnu++14";
				CLANG_CXX_LIBRARY = "libc++";
				CLANG_ENABLE_MODULES = YES;
				CLANG_ENABLE_OBJC_ARC = YES;
				CLANG_ENABLE_OBJC_WEAK = YES;
				CLANG_WARN_BLOCK_CAPTURE_AUTORELEASING = YES;
				CLANG_WARN_BOOL_CONVERSION = YES;
				CLANG_WARN_COMMA = YES;
				CLANG_WARN_CONSTANT_CONVERSION = YES;
				CLANG_WARN_DEPRECATED_OBJC_IMPLEMENTATIONS = YES;
				CLANG_WARN_DIRECT_OBJC_ISA_USAGE = YES_ERROR;
				CLANG_WARN_DOCUMENTATION_COMMENTS = YES;
				CLANG_WARN_EMPTY_BODY = YES;
				CLANG_WARN_ENUM_CONVERSION = YES;
				CLANG_WARN_INFINITE_RECURSION = YES;
				CLANG_WARN_INT_CONVERSION = YES;
				CLANG_WARN_NON_LITERAL_NULL_CONVERSION = YES;
				CLANG_WARN_OBJC_IMPLICIT_RETAIN_SELF = YES;
				CLANG_WARN_OBJC_LITERAL_CONVERSION = YES;
				CLANG_WARN_OBJC_ROOT_CLASS = YES_ERROR;
				CLANG_WARN_RANGE_LOOP_ANALYSIS = YES;
				CLANG_WARN_STRICT_PROTOTYPES = YES;
				CLANG_WARN_SUSPICIOUS_MOVE = YES;
				CLANG_WARN_UNGUARDED_AVAILABILITY = YES_AGGRESSIVE;
				CLANG_WARN_UNREACHABLE_CODE = YES;
				CLANG_WARN__DUPLICATE_METHOD_MATCH = YES;
				CODE_SIGN_IDENTITY = "iPhone Developer";
				COPY_PHASE_STRIP = NO;
				DEBUG_INFORMATION_FORMAT = "dwarf-with-dsym";
				ENABLE_NS_ASSERTIONS = NO;
				ENABLE_STRICT_OBJC_MSGSEND = YES;
				GCC_C_LANGUAGE_STANDARD = gnu11;
				GCC_NO_COMMON_BLOCKS = YES;
				GCC_WARN_64_TO_32_BIT_CONVERSION = YES;
				GCC_WARN_ABOUT_RETURN_TYPE = YES_ERROR;
				GCC_WARN_UNDECLARED_SELECTOR = YES;
				GCC_WARN_UNINITIALIZED_AUTOS = YES_AGGRESSIVE;
				GCC_WARN_UNUSED_FUNCTION = YES;
				GCC_WARN_UNUSED_VARIABLE = YES;
				IPHONEOS_DEPLOYMENT_TARGET = 11.3;
				MTL_ENABLE_DEBUG_INFO = NO;
				SDKROOT = iphoneos;
				SWIFT_COMPILATION_MODE = wholemodule;
				SWIFT_OPTIMIZATION_LEVEL = "-O";
				VALIDATE_PRODUCT = YES;
			};
			name = Release;
		};
		551A4F8A20C06CCD00F6064F /* Debug */ = {
			isa = XCBuildConfiguration;
			baseConfigurationReference = 86C7D3093B0AB890270675D6 /* Pods-CustomSearchBarSwift.debug.xcconfig */;
			buildSettings = {
				ASSETCATALOG_COMPILER_APPICON_NAME = AppIcon;
				CODE_SIGN_STYLE = Automatic;
				DEVELOPMENT_TEAM = GU7FC74G35;
				INFOPLIST_FILE = CustomSearchBarSwift/Info.plist;
				LD_RUNPATH_SEARCH_PATHS = (
					"$(inherited)",
					"@executable_path/Frameworks",
				);
				PRODUCT_BUNDLE_IDENTIFIER = org.ivyvineapps.CustomSearchBarSwift;
				PRODUCT_NAME = "$(TARGET_NAME)";
				SWIFT_VERSION = 4.0;
				TARGETED_DEVICE_FAMILY = "1,2";
			};
			name = Debug;
		};
		551A4F8B20C06CCD00F6064F /* Release */ = {
			isa = XCBuildConfiguration;
			baseConfigurationReference = 8755F20C27D65C2DA72CD108 /* Pods-CustomSearchBarSwift.release.xcconfig */;
			buildSettings = {
				ASSETCATALOG_COMPILER_APPICON_NAME = AppIcon;
				CODE_SIGN_STYLE = Automatic;
				DEVELOPMENT_TEAM = GU7FC74G35;
				INFOPLIST_FILE = CustomSearchBarSwift/Info.plist;
				LD_RUNPATH_SEARCH_PATHS = (
					"$(inherited)",
					"@executable_path/Frameworks",
				);
				PRODUCT_BUNDLE_IDENTIFIER = org.ivyvineapps.CustomSearchBarSwift;
				PRODUCT_NAME = "$(TARGET_NAME)";
				SWIFT_VERSION = 4.0;
				TARGETED_DEVICE_FAMILY = "1,2";
			};
			name = Release;
		};
/* End XCBuildConfiguration section */

/* Begin XCConfigurationList section */
		551A4F7220C06CCA00F6064F /* Build configuration list for PBXProject "CustomSearchBarSwift" */ = {
			isa = XCConfigurationList;
			buildConfigurations = (
				551A4F8720C06CCD00F6064F /* Debug */,
				551A4F8820C06CCD00F6064F /* Release */,
			);
			defaultConfigurationIsVisible = 0;
			defaultConfigurationName = Release;
		};
		551A4F8920C06CCD00F6064F /* Build configuration list for PBXNativeTarget "CustomSearchBarSwift" */ = {
			isa = XCConfigurationList;
			buildConfigurations = (
				551A4F8A20C06CCD00F6064F /* Debug */,
				551A4F8B20C06CCD00F6064F /* Release */,
			);
			defaultConfigurationIsVisible = 0;
			defaultConfigurationName = Release;
		};
/* End XCConfigurationList section */
	};
	rootObject = 551A4F6F20C06CCA00F6064F /* Project object */;
}
